lockfileVersion: "9.0"

settings:
  autoInstallPeers: true
  excludeLinksFromLockfile: false

importers:
  .:
    devDependencies:
      "@types/ospec":
        specifier: ^4.2.0
        version: 4.2.0
      ospec:
        specifier: ^4.2.1
        version: 4.2.1
      prettier:
        specifier: ^3.4.2
        version: 3.4.2
      typescript:
        specifier: ^5.7.3
        version: 5.7.3

packages:
  "@types/ospec@4.2.0":
    resolution:
      {
        integrity: sha512-QgwAtrYYstU7otBXmQ2yjUWaYMWkF48EevmG+IfYzAWk39cwsTw7ZHp7dK2XyA3eJ2v5AvbMa5ijcLewklDRDA==,
      }

  balanced-match@1.0.2:
    resolution:
      {
        integrity: sha512-3oSeUO0TMV67hN1AmbXsK4yaqU7tjiHlbxRDZOpH0KW9+CeX4bRAaX0Anxt0tx2MrpRpWwQaPwIlISEJhYU5Pw==,
      }

  brace-expansion@2.0.1:
    resolution:
      {
        integrity: sha512-XnAIvQ8eM+kC6aULx6wuQiwVsnzsi9d3WxzV3FpWTGA19F621kwdbsAcFKXgKUHZWsy+mY6iL1sHTxWEFCytDA==,
      }

  fs.realpath@1.0.0:
    resolution:
      {
        integrity: sha512-OO0pH2lK6a0hZnAdau5ItzHPI6pUlvI7jMVnxUQRtw4owF2wk8lOSabtGDCTP4Ggrg2MbGnWO9X8K1t4+fGMDw==,
      }

  glob@9.3.5:
    resolution:
      {
        integrity: sha512-e1LleDykUz2Iu+MTYdkSsuWX8lvAjAcs0Xef0lNIu0S2wOAzuTxCJtcd9S3cijlwYF18EsU3rzb8jPVobxDh9Q==,
      }
    engines: { node: ">=16 || 14 >=14.17" }

  lru-cache@10.4.3:
    resolution:
      {
        integrity: sha512-JNAzZcXrCt42VGLuYz0zfAzDfAvJWW6AfYlDBQyDV5DClI2m5sAmK+OIO7s59XfsRsWHp02jAJrRadPRGTt6SQ==,
      }

  minimatch@8.0.4:
    resolution:
      {
        integrity: sha512-W0Wvr9HyFXZRGIDgCicunpQ299OKXs9RgZfaukz4qAW/pJhcpUfupc9c+OObPOFueNy8VSrZgEmDtk6Kh4WzDA==,
      }
    engines: { node: ">=16 || 14 >=14.17" }

  minipass@4.2.8:
    resolution:
      {
        integrity: sha512-fNzuVyifolSLFL4NzpF+wEF4qrgqaaKX0haXPQEdQ7NKAN+WecoKMHV09YcuL/DHxrUsYQOK3MiuDf7Ip2OXfQ==,
      }
    engines: { node: ">=8" }

  minipass@7.1.2:
    resolution:
      {
        integrity: sha512-qOOzS1cBTWYF4BH8fVePDBOO9iptMnGUEZwNc/cMWnTV2nVLZ7VoNWEPHkYczZA0pdoA7dl6e7FL659nX9S2aw==,
      }
    engines: { node: ">=16 || 14 >=14.17" }

  ospec@4.2.1:
    resolution:
      {
        integrity: sha512-LsJw2WMaVlFDiaIPPH+LMtsxOABjFD29XQ12ENZM+8Cwgg5BEgW65CB+SPL1PceIun+HSfdw8hkf27C8iF/XFw==,
      }
    hasBin: true

  path-scurry@1.11.1:
    resolution:
      {
        integrity: sha512-Xa4Nw17FS9ApQFJ9umLiJS4orGjm7ZzwUrwamcGQuHSzDyth9boKDaycYdDcZDuqYATXw4HFXgaqWTctW/v1HA==,
      }
    engines: { node: ">=16 || 14 >=14.18" }

  prettier@3.4.2:
    resolution:
      {
        integrity: sha512-e9MewbtFo+Fevyuxn/4rrcDAaq0IYxPGLvObpQjiZBMAzB9IGmzlnG9RZy3FFas+eBMu2vA0CszMeduow5dIuQ==,
      }
    engines: { node: ">=14" }
    hasBin: true

  typescript@5.7.3:
    resolution:
      {
        integrity: sha512-84MVSjMEHP+FQRPy3pX9sTVV/INIex71s9TL2Gm5FG/WG1SqXeKyZ0k7/blY/4FdOzI12CBy1vGc4og/eus0fw==,
      }
    engines: { node: ">=14.17" }
    hasBin: true

snapshots:
  "@types/ospec@4.2.0": {}

  balanced-match@1.0.2: {}

  brace-expansion@2.0.1:
    dependencies:
      balanced-match: 1.0.2

  fs.realpath@1.0.0: {}

  glob@9.3.5:
    dependencies:
      fs.realpath: 1.0.0
      minimatch: 8.0.4
      minipass: 4.2.8
      path-scurry: 1.11.1

  lru-cache@10.4.3: {}

  minimatch@8.0.4:
    dependencies:
      brace-expansion: 2.0.1

  minipass@4.2.8: {}

  minipass@7.1.2: {}

  ospec@4.2.1:
    dependencies:
      glob: 9.3.5

  path-scurry@1.11.1:
    dependencies:
      lru-cache: 10.4.3
      minipass: 7.1.2

  prettier@3.4.2: {}

  typescript@5.7.3: {}
